
Microsoft Visual Studio Solution File, Format Version 12.00
# Visual Studio Version 17
VisualStudioVersion = 17.4.33213.308
MinimumVisualStudioVersion = 10.0.40219.1
Project("{9A19103F-16F7-4668-BE54-9A1E7A4F7556}") = "ProductXpert", "ProductXpert\ProductXpert.csproj", "{DDF5DD06-22B9-42BF-84F7-E688AC49DAEE}"
EndProject
Global
	GlobalSection(SolutionConfigurationPlatforms) = preSolution
		Debug|Any CPU = Debug|Any CPU
		Release|Any CPU = Release|Any CPU
	EndGlobalSection
	GlobalSection(ProjectConfigurationPlatforms) = postSolution
		{DDF5DD06-22B9-42BF-84F7-E688AC49DAEE}.Debug|Any CPU.ActiveCfg = Debug|Any CPU
		{DDF5DD06-22B9-42BF-84F7-E688AC49DAEE}.Debug|Any CPU.Build.0 = Debug|Any CPU
		{DDF5DD06-22B9-42BF-84F7-E688AC49DAEE}.Release|Any CPU.ActiveCfg = Release|Any CPU
		{DDF5DD06-22B9-42BF-84F7-E688AC49DAEE}.Release|Any CPU.Build.0 = Release|Any CPU
	EndGlobalSection
	GlobalSection(SolutionProperties) = preSolution
		HideSolutionNode = FALSE
	EndGlobalSection
	GlobalSection(ExtensibilityGlobals) = postSolution
		SolutionGuid = {1A96FE25-82EC-4997-B60F-9F2C564F98D7}
	EndGlobalSection
EndGlobal
